
Microsoft Visual Studio Solution File, Format Version 12.00
# Visual Studio Version 16
VisualStudioVersion = 25.0.1704.2
MinimumVisualStudioVersion = 10.0.40219.1
Project("{FAE04EC0-301F-11D3-BF4B-00C04F79EFBC}") = "NumberConverterApp", "NumberConverterApp\NumberConverterApp.csproj", "{BFCC424A-3071-4D23-9C69-77F07C1BCED0}"
EndProject
Project("{FAE04EC0-301F-11D3-BF4B-00C04F79EFBC}") = "NumberConverterApp_Tests", "NumberConverterApp_Tests\NumberConverterApp_Tests.csproj", "{EE0B31D4-42FC-46F6-864A-30A72753DFF9}"
EndProject
Global
	GlobalSection(SolutionConfigurationPlatforms) = preSolution
		Debug|Any CPU = Debug|Any CPU
		Release|Any CPU = Release|Any CPU
	EndGlobalSection
	GlobalSection(ProjectConfigurationPlatforms) = postSolution
		{BFCC424A-3071-4D23-9C69-77F07C1BCED0}.Debug|Any CPU.ActiveCfg = Debug|Any CPU
		{BFCC424A-3071-4D23-9C69-77F07C1BCED0}.Debug|Any CPU.Build.0 = Debug|Any CPU
		{BFCC424A-3071-4D23-9C69-77F07C1BCED0}.Release|Any CPU.ActiveCfg = Release|Any CPU
		{BFCC424A-3071-4D23-9C69-77F07C1BCED0}.Release|Any CPU.Build.0 = Release|Any CPU
		{EE0B31D4-42FC-46F6-864A-30A72753DFF9}.Debug|Any CPU.ActiveCfg = Debug|Any CPU
		{EE0B31D4-42FC-46F6-864A-30A72753DFF9}.Debug|Any CPU.Build.0 = Debug|Any CPU
		{EE0B31D4-42FC-46F6-864A-30A72753DFF9}.Release|Any CPU.ActiveCfg = Release|Any CPU
		{EE0B31D4-42FC-46F6-864A-30A72753DFF9}.Release|Any CPU.Build.0 = Release|Any CPU
	EndGlobalSection
	GlobalSection(SolutionProperties) = preSolution
		HideSolutionNode = FALSE
	EndGlobalSection
	GlobalSection(ExtensibilityGlobals) = postSolution
		SolutionGuid = {F80F7223-D6E6-4DEC-B002-F73C815AF8C0}
	EndGlobalSection
EndGlobal
